PODS:
  - AliyunOSSiOS (2.10.16)
  - DKImagePickerController/Core (4.3.4):
    - DKImagePickerController/ImageDataManager
    - DKImagePickerController/Resource
  - DKImagePickerController/ImageDataManager (4.3.4)
  - DKImagePickerController/PhotoGallery (4.3.4):
    - DKImagePickerController/Core
    - DKPhotoGallery
  - DKImagePickerController/Resource (4.3.4)
  - DKPhotoGallery (0.0.17):
    - DKPhotoGallery/Core (= 0.0.17)
    - DKPhotoGallery/Model (= 0.0.17)
    - DKPhotoGallery/Preview (= 0.0.17)
    - DKPhotoGallery/Resource (= 0.0.17)
    - SDWebImage
    - SwiftyGif
  - DKPhotoGallery/Core (0.0.17):
    - DKPhotoGallery/Model
    - DKPhotoGallery/Preview
    - SDWebImage
    - SwiftyGif
  - DKPhotoGallery/Model (0.0.17):
    - SDWebImage
    - SwiftyGif
  - DKPhotoGallery/Preview (0.0.17):
    - DKPhotoGallery/Model
    - DKPhotoGallery/Resource
    - SDWebImage
    - SwiftyGif
  - DKPhotoGallery/Resource (0.0.17):
    - SDWebImage
    - SwiftyGif
  - duet (0.0.1):
    - Flutter
  - file_picker (0.0.1):
    - DKImagePickerController/PhotoGallery
    - Flutter
  - Flutter (1.0.0)
  - path_provider_foundation (0.0.1):
    - Flutter
    - FlutterMacOS
  - SDWebImage (5.16.0):
    - SDWebImage/Core (= 5.16.0)
  - SDWebImage/Core (5.16.0)
  - SwiftyGif (5.4.4)
  - video_player_avfoundation (0.0.1):
    - Flutter
  - VODUpload (1.6.6):
    - AliyunOSSiOS

DEPENDENCIES:
  - AliyunOSSiOS (= 2.10.16)
  - duet (from `.symlinks/plugins/duet/ios`)
  - file_picker (from `.symlinks/plugins/file_picker/ios`)
  - Flutter (from `Flutter`)
  - path_provider_foundation (from `.symlinks/plugins/path_provider_foundation/ios`)
  - video_player_avfoundation (from `.symlinks/plugins/video_player_avfoundation/ios`)
  - VODUpload (= 1.6.6)

SPEC REPOS:
  trunk:
    - AliyunOSSiOS
    - DKImagePickerController
    - DKPhotoGallery
    - SDWebImage
    - SwiftyGif
    - VODUpload

EXTERNAL SOURCES:
  duet:
    :path: ".symlinks/plugins/duet/ios"
  file_picker:
    :path: ".symlinks/plugins/file_picker/ios"
  Flutter:
    :path: Flutter
  path_provider_foundation:
    :path: ".symlinks/plugins/path_provider_foundation/ios"
  video_player_avfoundation:
    :path: ".symlinks/plugins/video_player_avfoundation/ios"

SPEC CHECKSUMS:
  AliyunOSSiOS: d624effdd24535da414a2bacf0027bedf64cc90e
  DKImagePickerController: b512c28220a2b8ac7419f21c491fc8534b7601ac
  DKPhotoGallery: fdfad5125a9fdda9cc57df834d49df790dbb4179
  duet: a1c07b33a14276529c4c3df2f35a299c5ed28f9b
  file_picker: 3e6c3790de664ccf9b882732d9db5eaf6b8d4eb1
  Flutter: 50d75fe2f02b26cc09d224853bb45737f8b3214a
  path_provider_foundation: c68054786f1b4f3343858c1e1d0caaded73f0be9
  SDWebImage: 2aea163b50bfcb569a2726b6a754c54a4506fcf6
  SwiftyGif: 93a1cc87bf3a51916001cf8f3d63835fb64c819f
  video_player_avfoundation: 6d971a232d72e6ee25368378d48a079dea01f1cf
  VODUpload: 57651539af6a40a5d74c3e1b26165251b670a388

PODFILE CHECKSUM: 7f72014c17bfe44e77edab94cd5a661b30a3f449

COCOAPODS: 1.12.1
