PODS:
  - audioplayers_darwin (0.0.1):
    - Flutter
  - duet (0.0.1):
    - Flutter
  - Flutter (1.0.0)
  - path_provider_foundation (0.0.1):
    - Flutter
    - FlutterMacOS
  - video_player_avfoundation (0.0.1):
    - Flutter

DEPENDENCIES:
  - audioplayers_darwin (from `.symlinks/plugins/audioplayers_darwin/ios`)
  - duet (from `.symlinks/plugins/duet/ios`)
  - Flutter (from `Flutter`)
  - path_provider_foundation (from `.symlinks/plugins/path_provider_foundation/ios`)
  - video_player_avfoundation (from `.symlinks/plugins/video_player_avfoundation/ios`)

EXTERNAL SOURCES:
  audioplayers_darwin:
    :path: ".symlinks/plugins/audioplayers_darwin/ios"
  duet:
    :path: ".symlinks/plugins/duet/ios"
  Flutter:
    :path: Flutter
  path_provider_foundation:
    :path: ".symlinks/plugins/path_provider_foundation/ios"
  video_player_avfoundation:
    :path: ".symlinks/plugins/video_player_avfoundation/ios"

SPEC CHECKSUMS:
  audioplayers_darwin: 877d9a4d06331c5c374595e46e16453ac7eafa40
  duet: a1c07b33a14276529c4c3df2f35a299c5ed28f9b
  Flutter: 50d75fe2f02b26cc09d224853bb45737f8b3214a
  path_provider_foundation: c68054786f1b4f3343858c1e1d0caaded73f0be9
  video_player_avfoundation: 6d971a232d72e6ee25368378d48a079dea01f1cf

PODFILE CHECKSUM: fe0e1ee7f3d1f7d00b11b474b62dd62134535aea

COCOAPODS: 1.12.1
